PODS:
  - Flutter (1.0.0)
  - integration_test (0.0.1):
    - Flutter
  - pocketbase_server_flutter (0.0.1):
    - Flutter

DEPENDENCIES:
  - Flutter (from `Flutter`)
  - integration_test (from `.symlinks/plugins/integration_test/ios`)
  - pocketbase_server_flutter (from `.symlinks/plugins/pocketbase_server_flutter/ios`)

EXTERNAL SOURCES:
  Flutter:
    :path: Flutter
  integration_test:
    :path: ".symlinks/plugins/integration_test/ios"
  pocketbase_server_flutter:
    :path: ".symlinks/plugins/pocketbase_server_flutter/ios"

SPEC CHECKSUMS:
  Flutter: f04841e97a9d0b0a8025694d0796dd46242b2854
  integration_test: 13825b8a9334a850581300559b8839134b124670
  pocketbase_server_flutter: 99c92507126f264ee10f08d638e07bb83efa8113

PODFILE CHECKSUM: 70d9d25280d0dd177a5f637cdb0f0b0b12c6a189

COCOAPODS: 1.12.1
